{
  "version": 4,
  "terraform_version": "1.8.3",
  "serial": 1,
  "lineage": "a5f549ac-7ebf-a1a2-6773-ce491001b802",
  "outputs": {},
  "resources": [
    {
      "mode": "managed",
      "type": "spotify_playlist",
      "name": "Bollywood",
      "provider": "provider[\"registry.terraform.io/conradludgate/spotify\"]",
      "instances": [
        {
          "schema_version": 0,
          "attributes": {
            "description": null,
            "id": "15DoYORDTykbnDHeKTWpfj",
            "name": "Bollywood",
            "public": true,
            "snapshot_id": "AAAAAmfGGJae/U4yhKVytjE9i1mX3NGS",
            "tracks": [
              "7cWnks0lsRtpAi87COOiXK"
            ]
          },
          "sensitive_attributes": [],
          "private": "bnVsbA=="
        }
      ]
    }
  ],
  "check_results": null
}
